// !$*UTF8*$!
{
	archiveVersion = 1;
	classes = {
	};
	objectVersion = 77;
	objects = {

/* Begin PBXContainerItemProxy section */
		6124931B2E5A521C00D09917 /* PBXContainerItemProxy */ = {
			isa = PBXContainerItemProxy;
			containerPortal = 612493042E5A521B00D09917 /* Project object */;
			proxyType = 1;
			remoteGlobalIDString = 6124930B2E5A521B00D09917;
			remoteInfo = zentempo;
		};
		612493252E5A521C00D09917 /* PBXContainerItemProxy */ = {
			isa = PBXContainerItemProxy;
			containerPortal = 612493042E5A521B00D09917 /* Project object */;
			proxyType = 1;
			remoteGlobalIDString = 6124930B2E5A521B00D09917;
			remoteInfo = zentempo;
		};
/* End PBXContainerItemProxy section */

/* Begin PBXFileReference section */
		6124930C2E5A521B00D09917 /* zentempo.app */ = {isa = PBXFileReference; explicitFileType = wrapper.application; includeInIndex = 0; path = zentempo.app; sourceTree = BUILT_PRODUCTS_DIR; };
		6124931A2E5A521C00D09917 /* zentempoTests.xctest */ = {isa = PBXFileReference; explicitFileType = wrapper.cfbundle; includeInIndex = 0; path = zentempoTests.xctest; sourceTree = BUILT_PRODUCTS_DIR; };
		612493242E5A521C00D09917 /* zentempoUITests.xctest */ = {isa = PBXFileReference; explicitFileType = wrapper.cfbundle; includeInIndex = 0; path = zentempoUITests.xctest; sourceTree = BUILT_PRODUCTS_DIR; };
/* End PBXFileReference section */

/* Begin PBXFileSystemSynchronizedRootGroup section */
		6124930E2E5A521B00D09917 /* zentempo */ = {
			isa = PBXFileSystemSynchronizedRootGroup;
			path = zentempo;
			sourceTree = "<group>";
		};
		6124931D2E5A521C00D09917 /* zentempoTests */ = {
			isa = PBXFileSystemSynchronizedRootGroup;
			path = zentempoTests;
			sourceTree = "<group>";
		};
		612493272E5A521C00D09917 /* zentempoUITests */ = {
			isa = PBXFileSystemSynchronizedRootGroup;
			path = zentempoUITests;
			sourceTree = "<group>";
		};
/* End PBXFileSystemSynchronizedRootGroup section */

/* Begin PBXFrameworksBuildPhase section */
		612493092E5A521B00D09917 /* Frameworks */ = {
			isa = PBXFrameworksBuildPhase;
			buildActionMask = 2147483647;
			files = (
			);
			runOnlyForDeploymentPostprocessing = 0;
		};
		612493172E5A521C00D09917 /* Frameworks */ = {
			isa = PBXFrameworksBuildPhase;
			buildActionMask = 2147483647;
			files = (
			);
			runOnlyForDeploymentPostprocessing = 0;
		};
		612493212E5A521C00D09917 /* Frameworks */ = {
			isa = PBXFrameworksBuildPhase;
			buildActionMask = 2147483647;
			files = (
			);
			runOnlyForDeploymentPostprocessing = 0;
		};
/* End PBXFrameworksBuildPhase section */

/* Begin PBXGroup section */
		612493032E5A521B00D09917 = {
			isa = PBXGroup;
			children = (
				6124930E2E5A521B00D09917 /* zentempo */,
				6124931D2E5A521C00D09917 /* zentempoTests */,
				612493272E5A521C00D09917 /* zentempoUITests */,
				6124930D2E5A521B00D09917 /* Products */,
			);
			sourceTree = "<group>";
		};
		6124930D2E5A521B00D09917 /* Products */ = {
			isa = PBXGroup;
			children = (
				6124930C2E5A521B00D09917 /* zentempo.app */,
				6124931A2E5A521C00D09917 /* zentempoTests.xctest */,
				612493242E5A521C00D09917 /* zentempoUITests.xctest */,
			);
			name = Products;
			sourceTree = "<group>";
		};
/* End PBXGroup section */

/* Begin PBXNativeTarget section */
		6124930B2E5A521B00D09917 /* zentempo */ = {
			isa = PBXNativeTarget;
			buildConfigurationList = 6124932E2E5A521C00D09917 /* Build configuration list for PBXNativeTarget "zentempo" */;
			buildPhases = (
				612493082E5A521B00D09917 /* Sources */,
				612493092E5A521B00D09917 /* Frameworks */,
				6124930A2E5A521B00D09917 /* Resources */,
			);
			buildRules = (
			);
			dependencies = (
			);
			fileSystemSynchronizedGroups = (
				6124930E2E5A521B00D09917 /* zentempo */,
			);
			name = zentempo;
			packageProductDependencies = (
			);
			productName = zentempo;
			productReference = 6124930C2E5A521B00D09917 /* zentempo.app */;
			productType = "com.apple.product-type.application";
		};
		612493192E5A521C00D09917 /* zentempoTests */ = {
			isa = PBXNativeTarget;
			buildConfigurationList = 612493312E5A521C00D09917 /* Build configuration list for PBXNativeTarget "zentempoTests" */;
			buildPhases = (
				612493162E5A521C00D09917 /* Sources */,
				612493172E5A521C00D09917 /* Frameworks */,
				612493182E5A521C00D09917 /* Resources */,
			);
			buildRules = (
			);
			dependencies = (
				6124931C2E5A521C00D09917 /* PBXTargetDependency */,
			);
			fileSystemSynchronizedGroups = (
				6124931D2E5A521C00D09917 /* zentempoTests */,
			);
			name = zentempoTests;
			packageProductDependencies = (
			);
			productName = zentempoTests;
			productReference = 6124931A2E5A521C00D09917 /* zentempoTests.xctest */;
			productType = "com.apple.product-type.bundle.unit-test";
		};
		612493232E5A521C00D09917 /* zentempoUITests */ = {
			isa = PBXNativeTarget;
			buildConfigurationList = 612493342E5A521C00D09917 /* Build configuration list for PBXNativeTarget "zentempoUITests" */;
			buildPhases = (
				612493202E5A521C00D09917 /* Sources */,
				612493212E5A521C00D09917 /* Frameworks */,
				612493222E5A521C00D09917 /* Resources */,
			);
			buildRules = (
			);
			dependencies = (
				612493262E5A521C00D09917 /* PBXTargetDependency */,
			);
			fileSystemSynchronizedGroups = (
				612493272E5A521C00D09917 /* zentempoUITests */,
			);
			name = zentempoUITests;
			packageProductDependencies = (
			);
			productName = zentempoUITests;
			productReference = 612493242E5A521C00D09917 /* zentempoUITests.xctest */;
			productType = "com.apple.product-type.bundle.ui-testing";
		};
/* End PBXNativeTarget section */

/* Begin PBXProject section */
		612493042E5A521B00D09917 /* Project object */ = {
			isa = PBXProject;
			attributes = {
				BuildIndependentTargetsInParallel = 1;
				LastSwiftUpdateCheck = 1640;
				LastUpgradeCheck = 1640;
				TargetAttributes = {
					6124930B2E5A521B00D09917 = {
						CreatedOnToolsVersion = 16.4;
					};
					612493192E5A521C00D09917 = {
						CreatedOnToolsVersion = 16.4;
						TestTargetID = 6124930B2E5A521B00D09917;
					};
					612493232E5A521C00D09917 = {
						CreatedOnToolsVersion = 16.4;
						TestTargetID = 6124930B2E5A521B00D09917;
					};
				};
			};
			buildConfigurationList = 612493072E5A521B00D09917 /* Build configuration list for PBXProject "zentempo" */;
			developmentRegion = en;
			hasScannedForEncodings = 0;
			knownRegions = (
				en,
				Base,
			);
			mainGroup = 612493032E5A521B00D09917;
			minimizedProjectReferenceProxies = 1;
			preferredProjectObjectVersion = 77;
			productRefGroup = 6124930D2E5A521B00D09917 /* Products */;
			projectDirPath = "";
			projectRoot = "";
			targets = (
				6124930B2E5A521B00D09917 /* zentempo */,
				612493192E5A521C00D09917 /* zentempoTests */,
				612493232E5A521C00D09917 /* zentempoUITests */,
			);
		};
/* End PBXProject section */

/* Begin PBXResourcesBuildPhase section */
		6124930A2E5A521B00D09917 /* Resources */ = {
			isa = PBXResourcesBuildPhase;
			buildActionMask = 2147483647;
			files = (
			);
			runOnlyForDeploymentPostprocessing = 0;
		};
		612493182E5A521C00D09917 /* Resources */ = {
			isa = PBXResourcesBuildPhase;
			buildActionMask = 2147483647;
			files = (
			);
			runOnlyForDeploymentPostprocessing = 0;
		};
		612493222E5A521C00D09917 /* Resources */ = {
			isa = PBXResourcesBuildPhase;
			buildActionMask = 2147483647;
			files = (
			);
			runOnlyForDeploymentPostprocessing = 0;
		};
/* End PBXResourcesBuildPhase section */

/* Begin PBXSourcesBuildPhase section */
		612493082E5A521B00D09917 /* Sources */ = {
			isa = PBXSourcesBuildPhase;
			buildActionMask = 2147483647;
			files = (
			);
			runOnlyForDeploymentPostprocessing = 0;
		};
		612493162E5A521C00D09917 /* Sources */ = {
			isa = PBXSourcesBuildPhase;
			buildActionMask = 2147483647;
			files = (
			);
			runOnlyForDeploymentPostprocessing = 0;
		};
		612493202E5A521C00D09917 /* Sources */ = {
			isa = PBXSourcesBuildPhase;
			buildActionMask = 2147483647;
			files = (
			);
			runOnlyForDeploymentPostprocessing = 0;
		};
/* End PBXSourcesBuildPhase section */

/* Begin PBXTargetDependency section */
		6124931C2E5A521C00D09917 /* PBXTargetDependency */ = {
			isa = PBXTargetDependency;
			target = 6124930B2E5A521B00D09917 /* zentempo */;
			targetProxy = 6124931B2E5A521C00D09917 /* PBXContainerItemProxy */;
		};
		612493262E5A521C00D09917 /* PBXTargetDependency */ = {
			isa = PBXTargetDependency;
			target = 6124930B2E5A521B00D09917 /* zentempo */;
			targetProxy = 612493252E5A521C00D09917 /* PBXContainerItemProxy */;
		};
/* End PBXTargetDependency section */

/* Begin XCBuildConfiguration section */
		6124932C2E5A521C00D09917 /* Debug */ = {
			isa = XCBuildConfiguration;
			buildSettings = {
				ALWAYS_SEARCH_USER_PATHS = NO;
				ASSETCATALOG_COMPILER_GENERATE_SWIFT_ASSET_SYMBOL_EXTENSIONS = YES;
				CLANG_ANALYZER_NONNULL = YES;
				CLANG_ANALYZER_NUMBER_OBJECT_CONVERSION = YES_AGGRESSIVE;
				CLANG_CXX_LANGUAGE_STANDARD = "gnu++20";
				CLANG_ENABLE_MODULES = YES;
				CLANG_ENABLE_OBJC_ARC = YES;
				CLANG_ENABLE_OBJC_WEAK = YES;
				CLANG_WARN_BLOCK_CAPTURE_AUTORELEASING = YES;
				CLANG_WARN_BOOL_CONVERSION = YES;
				CLANG_WARN_COMMA = YES;
				CLANG_WARN_CONSTANT_CONVERSION = YES;
				CLANG_WARN_DEPRECATED_OBJC_IMPLEMENTATIONS = YES;
				CLANG_WARN_DIRECT_OBJC_ISA_USAGE = YES_ERROR;
				CLANG_WARN_DOCUMENTATION_COMMENTS = YES;
				CLANG_WARN_EMPTY_BODY = YES;
				CLANG_WARN_ENUM_CONVERSION = YES;
				CLANG_WARN_INFINITE_RECURSION = YES;
				CLANG_WARN_INT_CONVERSION = YES;
				CLANG_WARN_NON_LITERAL_NULL_CONVERSION = YES;
				CLANG_WARN_OBJC_IMPLICIT_RETAIN_SELF = YES;
				CLANG_WARN_OBJC_LITERAL_CONVERSION = YES;
				CLANG_WARN_OBJC_ROOT_CLASS = YES_ERROR;
				CLANG_WARN_QUOTED_INCLUDE_IN_FRAMEWORK_HEADER = YES;
				CLANG_WARN_RANGE_LOOP_ANALYSIS = YES;
				CLANG_WARN_STRICT_PROTOTYPES = YES;
				CLANG_WARN_SUSPICIOUS_MOVE = YES;
				CLANG_WARN_UNGUARDED_AVAILABILITY = YES_AGGRESSIVE;
				CLANG_WARN_UNREACHABLE_CODE = YES;
				CLANG_WARN__DUPLICATE_METHOD_MATCH = YES;
				COPY_PHASE_STRIP = NO;
				DEBUG_INFORMATION_FORMAT = dwarf;
				ENABLE_STRICT_OBJC_MSGSEND = YES;
				ENABLE_TESTABILITY = YES;
				ENABLE_USER_SCRIPT_SANDBOXING = YES;
				GCC_C_LANGUAGE_STANDARD = gnu17;
				GCC_DYNAMIC_NO_PIC = NO;
				GCC_NO_COMMON_BLOCKS = YES;
				GCC_OPTIMIZATION_LEVEL = 0;
				GCC_PREPROCESSOR_DEFINITIONS = (
					"DEBUG=1",
					"$(inherited)",
				);
				GCC_WARN_64_TO_32_BIT_CONVERSION = YES;
				GCC_WARN_ABOUT_RETURN_TYPE = YES_ERROR;
				GCC_WARN_UNDECLARED_SELECTOR = YES;
				GCC_WARN_UNINITIALIZED_AUTOS = YES_AGGRESSIVE;
				GCC_WARN_UNUSED_FUNCTION = YES;
				GCC_WARN_UNUSED_VARIABLE = YES;
				LOCALIZATION_PREFERS_STRING_CATALOGS = YES;
				MACOSX_DEPLOYMENT_TARGET = 15.5;
				MTL_ENABLE_DEBUG_INFO = INCLUDE_SOURCE;
				MTL_FAST_MATH = YES;
				ONLY_ACTIVE_ARCH = YES;
				SDKROOT = macosx;
				SWIFT_ACTIVE_COMPILATION_CONDITIONS = "DEBUG $(inherited)";
				SWIFT_OPTIMIZATION_LEVEL = "-Onone";
			};
			name = Debug;
		};
		6124932D2E5A521C00D09917 /* Release */ = {
			isa = XCBuildConfiguration;
			buildSettings = {
				ALWAYS_SEARCH_USER_PATHS = NO;
				ASSETCATALOG_COMPILER_GENERATE_SWIFT_ASSET_SYMBOL_EXTENSIONS = YES;
				CLANG_ANALYZER_NONNULL = YES;
				CLANG_ANALYZER_NUMBER_OBJECT_CONVERSION = YES_AGGRESSIVE;
				CLANG_CXX_LANGUAGE_STANDARD = "gnu++20";
				CLANG_ENABLE_MODULES = YES;
				CLANG_ENABLE_OBJC_ARC = YES;
				CLANG_ENABLE_OBJC_WEAK = YES;
				CLANG_WARN_BLOCK_CAPTURE_AUTORELEASING = YES;
				CLANG_WARN_BOOL_CONVERSION = YES;
				CLANG_WARN_COMMA = YES;
				CLANG_WARN_CONSTANT_CONVERSION = YES;
				CLANG_WARN_DEPRECATED_OBJC_IMPLEMENTATIONS = YES;
				CLANG_WARN_DIRECT_OBJC_ISA_USAGE = YES_ERROR;
				CLANG_WARN_DOCUMENTATION_COMMENTS = YES;
				CLANG_WARN_EMPTY_BODY = YES;
				CLANG_WARN_ENUM_CONVERSION = YES;
				CLANG_WARN_INFINITE_RECURSION = YES;
				CLANG_WARN_INT_CONVERSION = YES;
				CLANG_WARN_NON_LITERAL_NULL_CONVERSION = YES;
				CLANG_WARN_OBJC_IMPLICIT_RETAIN_SELF = YES;
				CLANG_WARN_OBJC_LITERAL_CONVERSION = YES;
				CLANG_WARN_OBJC_ROOT_CLASS = YES_ERROR;
				CLANG_WARN_QUOTED_INCLUDE_IN_FRAMEWORK_HEADER = YES;
				CLANG_WARN_RANGE_LOOP_ANALYSIS = YES;
				CLANG_WARN_STRICT_PROTOTYPES = YES;
				CLANG_WARN_SUSPICIOUS_MOVE = YES;
				CLANG_WARN_UNGUARDED_AVAILABILITY = YES_AGGRESSIVE;
				CLANG_WARN_UNREACHABLE_CODE = YES;
				CLANG_WARN__DUPLICATE_METHOD_MATCH = YES;
				COPY_PHASE_STRIP = NO;
				DEBUG_INFORMATION_FORMAT = "dwarf-with-dsym";
				ENABLE_NS_ASSERTIONS = NO;
				ENABLE_STRICT_OBJC_MSGSEND = YES;
				ENABLE_USER_SCRIPT_SANDBOXING = YES;
				GCC_C_LANGUAGE_STANDARD = gnu17;
				GCC_NO_COMMON_BLOCKS = YES;
				GCC_WARN_64_TO_32_BIT_CONVERSION = YES;
				GCC_WARN_ABOUT_RETURN_TYPE = YES_ERROR;
				GCC_WARN_UNDECLARED_SELECTOR = YES;
				GCC_WARN_UNINITIALIZED_AUTOS = YES_AGGRESSIVE;
				GCC_WARN_UNUSED_FUNCTION = YES;
				GCC_WARN_UNUSED_VARIABLE = YES;
				LOCALIZATION_PREFERS_STRING_CATALOGS = YES;
				MACOSX_DEPLOYMENT_TARGET = 15.5;
				MTL_ENABLE_DEBUG_INFO = NO;
				MTL_FAST_MATH = YES;
				SDKROOT = macosx;
				SWIFT_COMPILATION_MODE = wholemodule;
			};
			name = Release;
		};
		6124932F2E5A521C00D09917 /* Debug */ = {
			isa = XCBuildConfiguration;
			buildSettings = {
				ASSETCATALOG_COMPILER_APPICON_NAME = AppIcon;
				ASSETCATALOG_COMPILER_GLOBAL_ACCENT_COLOR_NAME = AccentColor;
				CODE_SIGN_ENTITLEMENTS = zentempo/zentempo.entitlements;
				CODE_SIGN_STYLE = Automatic;
				COMBINE_HIDPI_IMAGES = YES;
				CURRENT_PROJECT_VERSION = 1;
				ENABLE_PREVIEWS = YES;
				GENERATE_INFOPLIST_FILE = YES;
				INFOPLIST_KEY_NSHumanReadableCopyright = "";
				LD_RUNPATH_SEARCH_PATHS = (
					"$(inherited)",
					"@executable_path/../Frameworks",
				);
				MARKETING_VERSION = 1.0;
				PRODUCT_BUNDLE_IDENTIFIER = paz.zentempo;
				PRODUCT_NAME = "$(TARGET_NAME)";
				REGISTER_APP_GROUPS = YES;
				SWIFT_EMIT_LOC_STRINGS = YES;
				SWIFT_VERSION = 5.0;
			};
			name = Debug;
		};
		612493302E5A521C00D09917 /* Release */ = {
			isa = XCBuildConfiguration;
			buildSettings = {
				ASSETCATALOG_COMPILER_APPICON_NAME = AppIcon;
				ASSETCATALOG_COMPILER_GLOBAL_ACCENT_COLOR_NAME = AccentColor;
				CODE_SIGN_ENTITLEMENTS = zentempo/zentempo.entitlements;
				CODE_SIGN_STYLE = Automatic;
				COMBINE_HIDPI_IMAGES = YES;
				CURRENT_PROJECT_VERSION = 1;
				ENABLE_PREVIEWS = YES;
				GENERATE_INFOPLIST_FILE = YES;
				INFOPLIST_KEY_NSHumanReadableCopyright = "";
				LD_RUNPATH_SEARCH_PATHS = (
					"$(inherited)",
					"@executable_path/../Frameworks",
				);
				MARKETING_VERSION = 1.0;
				PRODUCT_BUNDLE_IDENTIFIER = paz.zentempo;
				PRODUCT_NAME = "$(TARGET_NAME)";
				REGISTER_APP_GROUPS = YES;
				SWIFT_EMIT_LOC_STRINGS = YES;
				SWIFT_VERSION = 5.0;
			};
			name = Release;
		};
		612493322E5A521C00D09917 /* Debug */ = {
			isa = XCBuildConfiguration;
			buildSettings = {
				BUNDLE_LOADER = "$(TEST_HOST)";
				CODE_SIGN_STYLE = Automatic;
				CURRENT_PROJECT_VERSION = 1;
				GENERATE_INFOPLIST_FILE = YES;
				MACOSX_DEPLOYMENT_TARGET = 15.5;
				MARKETING_VERSION = 1.0;
				PRODUCT_BUNDLE_IDENTIFIER = paz.zentempoTests;
				PRODUCT_NAME = "$(TARGET_NAME)";
				SWIFT_EMIT_LOC_STRINGS = NO;
				SWIFT_VERSION = 5.0;
				TEST_HOST = "$(BUILT_PRODUCTS_DIR)/zentempo.app/$(BUNDLE_EXECUTABLE_FOLDER_PATH)/zentempo";
			};
			name = Debug;
		};
		612493332E5A521C00D09917 /* Release */ = {
			isa = XCBuildConfiguration;
			buildSettings = {
				BUNDLE_LOADER = "$(TEST_HOST)";
				CODE_SIGN_STYLE = Automatic;
				CURRENT_PROJECT_VERSION = 1;
				GENERATE_INFOPLIST_FILE = YES;
				MACOSX_DEPLOYMENT_TARGET = 15.5;
				MARKETING_VERSION = 1.0;
				PRODUCT_BUNDLE_IDENTIFIER = paz.zentempoTests;
				PRODUCT_NAME = "$(TARGET_NAME)";
				SWIFT_EMIT_LOC_STRINGS = NO;
				SWIFT_VERSION = 5.0;
				TEST_HOST = "$(BUILT_PRODUCTS_DIR)/zentempo.app/$(BUNDLE_EXECUTABLE_FOLDER_PATH)/zentempo";
			};
			name = Release;
		};
		612493352E5A521C00D09917 /* Debug */ = {
			isa = XCBuildConfiguration;
			buildSettings = {
				CODE_SIGN_STYLE = Automatic;
				CURRENT_PROJECT_VERSION = 1;
				GENERATE_INFOPLIST_FILE = YES;
				MARKETING_VERSION = 1.0;
				PRODUCT_BUNDLE_IDENTIFIER = paz.zentempoUITests;
				PRODUCT_NAME = "$(TARGET_NAME)";
				SWIFT_EMIT_LOC_STRINGS = NO;
				SWIFT_VERSION = 5.0;
				TEST_TARGET_NAME = zentempo;
			};
			name = Debug;
		};
		612493362E5A521C00D09917 /* Release */ = {
			isa = XCBuildConfiguration;
			buildSettings = {
				CODE_SIGN_STYLE = Automatic;
				CURRENT_PROJECT_VERSION = 1;
				GENERATE_INFOPLIST_FILE = YES;
				MARKETING_VERSION = 1.0;
				PRODUCT_BUNDLE_IDENTIFIER = paz.zentempoUITests;
				PRODUCT_NAME = "$(TARGET_NAME)";
				SWIFT_EMIT_LOC_STRINGS = NO;
				SWIFT_VERSION = 5.0;
				TEST_TARGET_NAME = zentempo;
			};
			name = Release;
		};
/* End XCBuildConfiguration section */

/* Begin XCConfigurationList section */
		612493072E5A521B00D09917 /* Build configuration list for PBXProject "zentempo" */ = {
			isa = XCConfigurationList;
			buildConfigurations = (
				6124932C2E5A521C00D09917 /* Debug */,
				6124932D2E5A521C00D09917 /* Release */,
			);
			defaultConfigurationIsVisible = 0;
			defaultConfigurationName = Release;
		};
		6124932E2E5A521C00D09917 /* Build configuration list for PBXNativeTarget "zentempo" */ = {
			isa = XCConfigurationList;
			buildConfigurations = (
				6124932F2E5A521C00D09917 /* Debug */,
				612493302E5A521C00D09917 /* Release */,
			);
			defaultConfigurationIsVisible = 0;
			defaultConfigurationName = Release;
		};
		612493312E5A521C00D09917 /* Build configuration list for PBXNativeTarget "zentempoTests" */ = {
			isa = XCConfigurationList;
			buildConfigurations = (
				612493322E5A521C00D09917 /* Debug */,
				612493332E5A521C00D09917 /* Release */,
			);
			defaultConfigurationIsVisible = 0;
			defaultConfigurationName = Release;
		};
		612493342E5A521C00D09917 /* Build configuration list for PBXNativeTarget "zentempoUITests" */ = {
			isa = XCConfigurationList;
			buildConfigurations = (
				612493352E5A521C00D09917 /* Debug */,
				612493362E5A521C00D09917 /* Release */,
			);
			defaultConfigurationIsVisible = 0;
			defaultConfigurationName = Release;
		};
/* End XCConfigurationList section */
	};
	rootObject = 612493042E5A521B00D09917 /* Project object */;
}
